
Microsoft Visual Studio Solution File, Format Version 12.00
# Visual Studio 2012
Project("{FAE04EC0-301F-11D3-BF4B-00C04F79EFBC}") = "BowlingGameKata", "BowlingGameKata\BowlingGameKata.csproj", "{AFA56797-A3C5-4284-8489-68AB0A1660D3}"
EndProject
Global
	GlobalSection(SolutionConfigurationPlatforms) = preSolution
		Debug|Any CPU = Debug|Any CPU
		Release|Any CPU = Release|Any CPU
	EndGlobalSection
	GlobalSection(ProjectConfigurationPlatforms) = postSolution
		{AFA56797-A3C5-4284-8489-68AB0A1660D3}.Debug|Any CPU.ActiveCfg = Debug|Any CPU
		{AFA56797-A3C5-4284-8489-68AB0A1660D3}.Debug|Any CPU.Build.0 = Debug|Any CPU
		{AFA56797-A3C5-4284-8489-68AB0A1660D3}.Release|Any CPU.ActiveCfg = Release|Any CPU
		{AFA56797-A3C5-4284-8489-68AB0A1660D3}.Release|Any CPU.Build.0 = Release|Any CPU
	EndGlobalSection
	GlobalSection(SolutionProperties) = preSolution
		HideSolutionNode = FALSE
	EndGlobalSection
EndGlobal
